
Microsoft Visual Studio Solution File, Format Version 12.00
# Visual Studio Version 17
VisualStudioVersion = 17.3.32929.385
MinimumVisualStudioVersion = 10.0.40219.1
Project("{9A19103F-16F7-4668-BE54-9A1E7A4F7556}") = "UHRRJ1_HFT_2022232.Client", "UHRRJ1_HFT_2022232.Client\UHRRJ1_HFT_2022232.Client.csproj", "{B3B29F8F-380D-4333-974F-CB2FE50C3989}"
EndProject
Project("{9A19103F-16F7-4668-BE54-9A1E7A4F7556}") = "UHRRJ1_HFT_2022232.Models", "UHRRJ1_HFT_2022232.Models\UHRRJ1_HFT_2022232.Models.csproj", "{1E2DCE7C-3A83-4003-AF9C-DE01F48B3B37}"
EndProject
Project("{9A19103F-16F7-4668-BE54-9A1E7A4F7556}") = "UHRRJ1_HFT_2022232.Logic", "UHRRJ1_HFT_2022232.Logic\UHRRJ1_HFT_2022232.Logic.csproj", "{93A522F7-7B1D-499E-A5DA-37E0410887AD}"
EndProject
Project("{9A19103F-16F7-4668-BE54-9A1E7A4F7556}") = "UHRRJ1_HFT_2022232.Repository", "UHRRJ1_HFT_2022232.Repository\UHRRJ1_HFT_2022232.Repository.csproj", "{AE598A02-A8E4-4858-B0B3-00AE077446E5}"
EndProject
Project("{9A19103F-16F7-4668-BE54-9A1E7A4F7556}") = "UHRRJ1_HFT_2022232.Test", "UHRRJ1_HFT_2022232.Test\UHRRJ1_HFT_2022232.Test.csproj", "{C624880B-96AC-4FA3-929A-BF07B723EC47}"
EndProject
Project("{2150E333-8FDC-42A3-9474-1A3956D46DE8}") = "Backend", "Backend", "{FDA5CE41-4EE6-4DA6-8AFB-352EF1026474}"
EndProject
Project("{2150E333-8FDC-42A3-9474-1A3956D46DE8}") = "Frontend", "Frontend", "{88D06E43-93FA-419B-87AC-84F638F7587A}"
EndProject
Project("{2150E333-8FDC-42A3-9474-1A3956D46DE8}") = "Shared", "Shared", "{ADFF2547-C752-4F6D-B7F5-2C89D4428143}"
EndProject
Project("{2150E333-8FDC-42A3-9474-1A3956D46DE8}") = "Others", "Others", "{1CCC6145-089D-466A-8550-C6D99A2C3BAF}"
	ProjectSection(SolutionItems) = preProject
		.gitignore = .gitignore
	EndProjectSection
EndProject
Project("{9A19103F-16F7-4668-BE54-9A1E7A4F7556}") = "UHRRJ1_HFT_2022232.Endpoint", "UHRRJ1_HFT_2022232.Endpoint\UHRRJ1_HFT_2022232.Endpoint.csproj", "{8FF47912-4CD7-4ADB-870A-0828C4783BDC}"
EndProject
Project("{FAE04EC0-301F-11D3-BF4B-00C04F79EFBC}") = "UHRRJ1_HFT_2022232.WpfClient", "UHRRJ1_HFT_2022232.WpfClient\UHRRJ1_HFT_2022232.WpfClient.csproj", "{05F45095-174C-428B-86C5-4A4559CF7565}"
EndProject
Global
	GlobalSection(SolutionConfigurationPlatforms) = preSolution
		Debug|Any CPU = Debug|Any CPU
		Release|Any CPU = Release|Any CPU
	EndGlobalSection
	GlobalSection(ProjectConfigurationPlatforms) = postSolution
		{B3B29F8F-380D-4333-974F-CB2FE50C3989}.Debug|Any CPU.ActiveCfg = Debug|Any CPU
		{B3B29F8F-380D-4333-974F-CB2FE50C3989}.Debug|Any CPU.Build.0 = Debug|Any CPU
		{B3B29F8F-380D-4333-974F-CB2FE50C3989}.Release|Any CPU.ActiveCfg = Release|Any CPU
		{B3B29F8F-380D-4333-974F-CB2FE50C3989}.Release|Any CPU.Build.0 = Release|Any CPU
		{1E2DCE7C-3A83-4003-AF9C-DE01F48B3B37}.Debug|Any CPU.ActiveCfg = Debug|Any CPU
		{1E2DCE7C-3A83-4003-AF9C-DE01F48B3B37}.Debug|Any CPU.Build.0 = Debug|Any CPU
		{1E2DCE7C-3A83-4003-AF9C-DE01F48B3B37}.Release|Any CPU.ActiveCfg = Release|Any CPU
		{1E2DCE7C-3A83-4003-AF9C-DE01F48B3B37}.Release|Any CPU.Build.0 = Release|Any CPU
		{93A522F7-7B1D-499E-A5DA-37E0410887AD}.Debug|Any CPU.ActiveCfg = Debug|Any CPU
		{93A522F7-7B1D-499E-A5DA-37E0410887AD}.Debug|Any CPU.Build.0 = Debug|Any CPU
		{93A522F7-7B1D-499E-A5DA-37E0410887AD}.Release|Any CPU.ActiveCfg = Release|Any CPU
		{93A522F7-7B1D-499E-A5DA-37E0410887AD}.Release|Any CPU.Build.0 = Release|Any CPU
		{AE598A02-A8E4-4858-B0B3-00AE077446E5}.Debug|Any CPU.ActiveCfg = Debug|Any CPU
		{AE598A02-A8E4-4858-B0B3-00AE077446E5}.Debug|Any CPU.Build.0 = Debug|Any CPU
		{AE598A02-A8E4-4858-B0B3-00AE077446E5}.Release|Any CPU.ActiveCfg = Release|Any CPU
		{AE598A02-A8E4-4858-B0B3-00AE077446E5}.Release|Any CPU.Build.0 = Release|Any CPU
		{C624880B-96AC-4FA3-929A-BF07B723EC47}.Debug|Any CPU.ActiveCfg = Debug|Any CPU
		{C624880B-96AC-4FA3-929A-BF07B723EC47}.Debug|Any CPU.Build.0 = Debug|Any CPU
		{C624880B-96AC-4FA3-929A-BF07B723EC47}.Release|Any CPU.ActiveCfg = Release|Any CPU
		{C624880B-96AC-4FA3-929A-BF07B723EC47}.Release|Any CPU.Build.0 = Release|Any CPU
		{8FF47912-4CD7-4ADB-870A-0828C4783BDC}.Debug|Any CPU.ActiveCfg = Debug|Any CPU
		{8FF47912-4CD7-4ADB-870A-0828C4783BDC}.Debug|Any CPU.Build.0 = Debug|Any CPU
		{8FF47912-4CD7-4ADB-870A-0828C4783BDC}.Release|Any CPU.ActiveCfg = Release|Any CPU
		{8FF47912-4CD7-4ADB-870A-0828C4783BDC}.Release|Any CPU.Build.0 = Release|Any CPU
		{05F45095-174C-428B-86C5-4A4559CF7565}.Debug|Any CPU.ActiveCfg = Debug|Any CPU
		{05F45095-174C-428B-86C5-4A4559CF7565}.Debug|Any CPU.Build.0 = Debug|Any CPU
		{05F45095-174C-428B-86C5-4A4559CF7565}.Release|Any CPU.ActiveCfg = Release|Any CPU
		{05F45095-174C-428B-86C5-4A4559CF7565}.Release|Any CPU.Build.0 = Release|Any CPU
	EndGlobalSection
	GlobalSection(SolutionProperties) = preSolution
		HideSolutionNode = FALSE
	EndGlobalSection
	GlobalSection(NestedProjects) = preSolution
		{B3B29F8F-380D-4333-974F-CB2FE50C3989} = {88D06E43-93FA-419B-87AC-84F638F7587A}
		{1E2DCE7C-3A83-4003-AF9C-DE01F48B3B37} = {ADFF2547-C752-4F6D-B7F5-2C89D4428143}
		{93A522F7-7B1D-499E-A5DA-37E0410887AD} = {FDA5CE41-4EE6-4DA6-8AFB-352EF1026474}
		{AE598A02-A8E4-4858-B0B3-00AE077446E5} = {FDA5CE41-4EE6-4DA6-8AFB-352EF1026474}
		{C624880B-96AC-4FA3-929A-BF07B723EC47} = {FDA5CE41-4EE6-4DA6-8AFB-352EF1026474}
		{8FF47912-4CD7-4ADB-870A-0828C4783BDC} = {FDA5CE41-4EE6-4DA6-8AFB-352EF1026474}
		{05F45095-174C-428B-86C5-4A4559CF7565} = {88D06E43-93FA-419B-87AC-84F638F7587A}
	EndGlobalSection
	GlobalSection(ExtensibilityGlobals) = postSolution
		SolutionGuid = {278655C4-077B-4A7B-AC48-3694E06A27CD}
	EndGlobalSection
EndGlobal
